// !$*UTF8*$!
{
	archiveVersion = 1;
	classes = {
	};
	objectVersion = 46;
	objects = {

/* Begin PBXBuildFile section */
		AD7905BE1C1510AA00436632 /* ScrollTableScreen.jpg in Resources */ = {isa = PBXBuildFile; fileRef = AD7905BD1C1510AA00436632 /* ScrollTableScreen.jpg */; };
		AD9E67EC1BD723FA002B4510 /* main.m in Sources */ = {isa = PBXBuildFile; fileRef = AD9E67EB1BD723FA002B4510 /* main.m */; };
		AD9E67EF1BD723FA002B4510 /* AppDelegate.m in Sources */ = {isa = PBXBuildFile; fileRef = AD9E67EE1BD723FA002B4510 /* AppDelegate.m */; };
		AD9E67F21BD723FA002B4510 /* ViewController.m in Sources */ = {isa = PBXBuildFile; fileRef = AD9E67F11BD723FA002B4510 /* ViewController.m */; };
		AD9E67F51BD723FA002B4510 /* Main.storyboard in Resources */ = {isa = PBXBuildFile; fileRef = AD9E67F31BD723FA002B4510 /* Main.storyboard */; };
		AD9E67F71BD723FA002B4510 /* Images.xcassets in Resources */ = {isa = PBXBuildFile; fileRef = AD9E67F61BD723FA002B4510 /* Images.xcassets */; };
		AD9E67FA1BD723FA002B4510 /* LaunchScreen.xib in Resources */ = {isa = PBXBuildFile; fileRef = AD9E67F81BD723FA002B4510 /* LaunchScreen.xib */; };
		AD9E68061BD723FA002B4510 /* ScrollTableDemoTests.m in Sources */ = {isa = PBXBuildFile; fileRef = AD9E68051BD723FA002B4510 /* ScrollTableDemoTests.m */; };
		AD9E68111BD8B89C002B4510 /* CMCutLineView.m in Sources */ = {isa = PBXBuildFile; fileRef = AD9E68101BD8B89C002B4510 /* CMCutLineView.m */; };
		AD9E68141BD8E004002B4510 /* ScrollTableView.m in Sources */ = {isa = PBXBuildFile; fileRef = AD9E68131BD8E004002B4510 /* ScrollTableView.m */; };
		AD9E68171BD9D556002B4510 /* DetailModel.m in Sources */ = {isa = PBXBuildFile; fileRef = AD9E68161BD9D556002B4510 /* DetailModel.m */; };
/* End PBXBuildFile section */

/* Begin PBXContainerItemProxy section */
		AD9E68001BD723FA002B4510 /* PBXContainerItemProxy */ = {
			isa = PBXContainerItemProxy;
			containerPortal = AD9E67DE1BD723FA002B4510 /* Project object */;
			proxyType = 1;
			remoteGlobalIDString = AD9E67E51BD723FA002B4510;
			remoteInfo = ScrollTableDemo;
		};
/* End PBXContainerItemProxy section */

/* Begin PBXFileReference section */
		AD7905BD1C1510AA00436632 /* ScrollTableScreen.jpg */ = {isa = PBXFileReference; lastKnownFileType = image.jpeg; path = ScrollTableScreen.jpg; sourceTree = "<group>"; };
		AD9E67E61BD723FA002B4510 /* ScrollTableDemo.app */ = {isa = PBXFileReference; explicitFileType = wrapper.application; includeInIndex = 0; path = ScrollTableDemo.app; sourceTree = BUILT_PRODUCTS_DIR; };
		AD9E67EA1BD723FA002B4510 /* Info.plist */ = {isa = PBXFileReference; lastKnownFileType = text.plist.xml; path = Info.plist; sourceTree = "<group>"; };
		AD9E67EB1BD723FA002B4510 /* main.m */ = {isa = PBXFileReference; lastKnownFileType = sourcecode.c.objc; path = main.m; sourceTree = "<group>"; };
		AD9E67ED1BD723FA002B4510 /* AppDelegate.h */ = {isa = PBXFileReference; lastKnownFileType = sourcecode.c.h; path = AppDelegate.h; sourceTree = "<group>"; };
		AD9E67EE1BD723FA002B4510 /* AppDelegate.m */ = {isa = PBXFileReference; lastKnownFileType = sourcecode.c.objc; path = AppDelegate.m; sourceTree = "<group>"; };
		AD9E67F01BD723FA002B4510 /* ViewController.h */ = {isa = PBXFileReference; lastKnownFileType = sourcecode.c.h; path = ViewController.h; sourceTree = "<group>"; };
		AD9E67F11BD723FA002B4510 /* ViewController.m */ = {isa = PBXFileReference; lastKnownFileType = sourcecode.c.objc; path = ViewController.m; sourceTree = "<group>"; };
		AD9E67F41BD723FA002B4510 /* Base */ = {isa = PBXFileReference; lastKnownFileType = file.storyboard; name = Base; path = Base.lproj/Main.storyboard; sourceTree = "<group>"; };
		AD9E67F61BD723FA002B4510 /* Images.xcassets */ = {isa = PBXFileReference; lastKnownFileType = folder.assetcatalog; path = Images.xcassets; sourceTree = "<group>"; };
		AD9E67F91BD723FA002B4510 /* Base */ = {isa = PBXFileReference; lastKnownFileType = file.xib; name = Base; path = Base.lproj/LaunchScreen.xib; sourceTree = "<group>"; };
		AD9E67FF1BD723FA002B4510 /* ScrollTableDemoTests.xctest */ = {isa = PBXFileReference; explicitFileType = wrapper.cfbundle; includeInIndex = 0; path = ScrollTableDemoTests.xctest; sourceTree = BUILT_PRODUCTS_DIR; };
		AD9E68041BD723FA002B4510 /* Info.plist */ = {isa = PBXFileReference; lastKnownFileType = text.plist.xml; path = Info.plist; sourceTree = "<group>"; };
		AD9E68051BD723FA002B4510 /* ScrollTableDemoTests.m */ = {isa = PBXFileReference; lastKnownFileType = sourcecode.c.objc; path = ScrollTableDemoTests.m; sourceTree = "<group>"; };
		AD9E680F1BD8B89B002B4510 /* CMCutLineView.h */ = {isa = PBXFileReference; fileEncoding = 4; lastKnownFileType = sourcecode.c.h; path = CMCutLineView.h; sourceTree = "<group>"; };
		AD9E68101BD8B89C002B4510 /* CMCutLineView.m */ = {isa = PBXFileReference; fileEncoding = 4; lastKnownFileType = sourcecode.c.objc; path = CMCutLineView.m; sourceTree = "<group>"; };
		AD9E68121BD8E004002B4510 /* ScrollTableView.h */ = {isa = PBXFileReference; fileEncoding = 4; lastKnownFileType = sourcecode.c.h; path = ScrollTableView.h; sourceTree = "<group>"; };
		AD9E68131BD8E004002B4510 /* ScrollTableView.m */ = {isa = PBXFileReference; fileEncoding = 4; lastKnownFileType = sourcecode.c.objc; path = ScrollTableView.m; sourceTree = "<group>"; };
		AD9E68151BD9D556002B4510 /* DetailModel.h */ = {isa = PBXFileReference; fileEncoding = 4; lastKnownFileType = sourcecode.c.h; path = DetailModel.h; sourceTree = "<group>"; };
		AD9E68161BD9D556002B4510 /* DetailModel.m */ = {isa = PBXFileReference; fileEncoding = 4; lastKnownFileType = sourcecode.c.objc; path = DetailModel.m; sourceTree = "<group>"; };
/* End PBXFileReference section */

/* Begin PBXFrameworksBuildPhase section */
		AD9E67E31BD723FA002B4510 /* Frameworks */ = {
			isa = PBXFrameworksBuildPhase;
			buildActionMask = 2147483647;
			files = (
			);
			runOnlyForDeploymentPostprocessing = 0;
		};
		AD9E67FC1BD723FA002B4510 /* Frameworks */ = {
			isa = PBXFrameworksBuildPhase;
			buildActionMask = 2147483647;
			files = (
			);
			runOnlyForDeploymentPostprocessing = 0;
		};
/* End PBXFrameworksBuildPhase section */

/* Begin PBXGroup section */
		AD9E67DD1BD723FA002B4510 = {
			isa = PBXGroup;
			children = (
				AD9E67E81BD723FA002B4510 /* ScrollTableDemo */,
				AD9E68021BD723FA002B4510 /* ScrollTableDemoTests */,
				AD9E67E71BD723FA002B4510 /* Products */,
				AD7905BD1C1510AA00436632 /* ScrollTableScreen.jpg */,
			);
			sourceTree = "<group>";
		};
		AD9E67E71BD723FA002B4510 /* Products */ = {
			isa = PBXGroup;
			children = (
				AD9E67E61BD723FA002B4510 /* ScrollTableDemo.app */,
				AD9E67FF1BD723FA002B4510 /* ScrollTableDemoTests.xctest */,
			);
			name = Products;
			sourceTree = "<group>";
		};
		AD9E67E81BD723FA002B4510 /* ScrollTableDemo */ = {
			isa = PBXGroup;
			children = (
				AD9E67ED1BD723FA002B4510 /* AppDelegate.h */,
				AD9E67EE1BD723FA002B4510 /* AppDelegate.m */,
				AD9E67F01BD723FA002B4510 /* ViewController.h */,
				AD9E67F11BD723FA002B4510 /* ViewController.m */,
				AD9E680F1BD8B89B002B4510 /* CMCutLineView.h */,
				AD9E68101BD8B89C002B4510 /* CMCutLineView.m */,
				AD9E68121BD8E004002B4510 /* ScrollTableView.h */,
				AD9E68131BD8E004002B4510 /* ScrollTableView.m */,
				AD9E68151BD9D556002B4510 /* DetailModel.h */,
				AD9E68161BD9D556002B4510 /* DetailModel.m */,
				AD9E67F31BD723FA002B4510 /* Main.storyboard */,
				AD9E67F61BD723FA002B4510 /* Images.xcassets */,
				AD9E67F81BD723FA002B4510 /* LaunchScreen.xib */,
				AD9E67E91BD723FA002B4510 /* Supporting Files */,
			);
			path = ScrollTableDemo;
			sourceTree = "<group>";
		};
		AD9E67E91BD723FA002B4510 /* Supporting Files */ = {
			isa = PBXGroup;
			children = (
				AD9E67EA1BD723FA002B4510 /* Info.plist */,
				AD9E67EB1BD723FA002B4510 /* main.m */,
			);
			name = "Supporting Files";
			sourceTree = "<group>";
		};
		AD9E68021BD723FA002B4510 /* ScrollTableDemoTests */ = {
			isa = PBXGroup;
			children = (
				AD9E68051BD723FA002B4510 /* ScrollTableDemoTests.m */,
				AD9E68031BD723FA002B4510 /* Supporting Files */,
			);
			path = ScrollTableDemoTests;
			sourceTree = "<group>";
		};
		AD9E68031BD723FA002B4510 /* Supporting Files */ = {
			isa = PBXGroup;
			children = (
				AD9E68041BD723FA002B4510 /* Info.plist */,
			);
			name = "Supporting Files";
			sourceTree = "<group>";
		};
/* End PBXGroup section */

/* Begin PBXNativeTarget section */
		AD9E67E51BD723FA002B4510 /* ScrollTableDemo */ = {
			isa = PBXNativeTarget;
			buildConfigurationList = AD9E68091BD723FA002B4510 /* Build configuration list for PBXNativeTarget "ScrollTableDemo" */;
			buildPhases = (
				AD9E67E21BD723FA002B4510 /* Sources */,
				AD9E67E31BD723FA002B4510 /* Frameworks */,
				AD9E67E41BD723FA002B4510 /* Resources */,
			);
			buildRules = (
			);
			dependencies = (
			);
			name = ScrollTableDemo;
			productName = ScrollTableDemo;
			productReference = AD9E67E61BD723FA002B4510 /* ScrollTableDemo.app */;
			productType = "com.apple.product-type.application";
		};
		AD9E67FE1BD723FA002B4510 /* ScrollTableDemoTests */ = {
			isa = PBXNativeTarget;
			buildConfigurationList = AD9E680C1BD723FA002B4510 /* Build configuration list for PBXNativeTarget "ScrollTableDemoTests" */;
			buildPhases = (
				AD9E67FB1BD723FA002B4510 /* Sources */,
				AD9E67FC1BD723FA002B4510 /* Frameworks */,
				AD9E67FD1BD723FA002B4510 /* Resources */,
			);
			buildRules = (
			);
			dependencies = (
				AD9E68011BD723FA002B4510 /* PBXTargetDependency */,
			);
			name = ScrollTableDemoTests;
			productName = ScrollTableDemoTests;
			productReference = AD9E67FF1BD723FA002B4510 /* ScrollTableDemoTests.xctest */;
			productType = "com.apple.product-type.bundle.unit-test";
		};
/* End PBXNativeTarget section */

/* Begin PBXProject section */
		AD9E67DE1BD723FA002B4510 /* Project object */ = {
			isa = PBXProject;
			attributes = {
				LastUpgradeCheck = 0640;
				ORGANIZATIONNAME = csdc;
				TargetAttributes = {
					AD9E67E51BD723FA002B4510 = {
						CreatedOnToolsVersion = 6.4;
					};
					AD9E67FE1BD723FA002B4510 = {
						CreatedOnToolsVersion = 6.4;
						TestTargetID = AD9E67E51BD723FA002B4510;
					};
				};
			};
			buildConfigurationList = AD9E67E11BD723FA002B4510 /* Build configuration list for PBXProject "ScrollTableDemo" */;
			compatibilityVersion = "Xcode 3.2";
			developmentRegion = English;
			hasScannedForEncodings = 0;
			knownRegions = (
				en,
				Base,
			);
			mainGroup = AD9E67DD1BD723FA002B4510;
			productRefGroup = AD9E67E71BD723FA002B4510 /* Products */;
			projectDirPath = "";
			projectRoot = "";
			targets = (
				AD9E67E51BD723FA002B4510 /* ScrollTableDemo */,
				AD9E67FE1BD723FA002B4510 /* ScrollTableDemoTests */,
			);
		};
/* End PBXProject section */

/* Begin PBXResourcesBuildPhase section */
		AD9E67E41BD723FA002B4510 /* Resources */ = {
			isa = PBXResourcesBuildPhase;
			buildActionMask = 2147483647;
			files = (
				AD9E67F51BD723FA002B4510 /* Main.storyboard in Resources */,
				AD9E67FA1BD723FA002B4510 /* LaunchScreen.xib in Resources */,
				AD9E67F71BD723FA002B4510 /* Images.xcassets in Resources */,
				AD7905BE1C1510AA00436632 /* ScrollTableScreen.jpg in Resources */,
			);
			runOnlyForDeploymentPostprocessing = 0;
		};
		AD9E67FD1BD723FA002B4510 /* Resources */ = {
			isa = PBXResourcesBuildPhase;
			buildActionMask = 2147483647;
			files = (
			);
			runOnlyForDeploymentPostprocessing = 0;
		};
/* End PBXResourcesBuildPhase section */

/* Begin PBXSourcesBuildPhase section */
		AD9E67E21BD723FA002B4510 /* Sources */ = {
			isa = PBXSourcesBuildPhase;
			buildActionMask = 2147483647;
			files = (
				AD9E67F21BD723FA002B4510 /* ViewController.m in Sources */,
				AD9E68111BD8B89C002B4510 /* CMCutLineView.m in Sources */,
				AD9E68171BD9D556002B4510 /* DetailModel.m in Sources */,
				AD9E67EF1BD723FA002B4510 /* AppDelegate.m in Sources */,
				AD9E68141BD8E004002B4510 /* ScrollTableView.m in Sources */,
				AD9E67EC1BD723FA002B4510 /* main.m in Sources */,
			);
			runOnlyForDeploymentPostprocessing = 0;
		};
		AD9E67FB1BD723FA002B4510 /* Sources */ = {
			isa = PBXSourcesBuildPhase;
			buildActionMask = 2147483647;
			files = (
				AD9E68061BD723FA002B4510 /* ScrollTableDemoTests.m in Sources */,
			);
			runOnlyForDeploymentPostprocessing = 0;
		};
/* End PBXSourcesBuildPhase section */

/* Begin PBXTargetDependency section */
		AD9E68011BD723FA002B4510 /* PBXTargetDependency */ = {
			isa = PBXTargetDependency;
			target = AD9E67E51BD723FA002B4510 /* ScrollTableDemo */;
			targetProxy = AD9E68001BD723FA002B4510 /* PBXContainerItemProxy */;
		};
/* End PBXTargetDependency section */

/* Begin PBXVariantGroup section */
		AD9E67F31BD723FA002B4510 /* Main.storyboard */ = {
			isa = PBXVariantGroup;
			children = (
				AD9E67F41BD723FA002B4510 /* Base */,
			);
			name = Main.storyboard;
			sourceTree = "<group>";
		};
		AD9E67F81BD723FA002B4510 /* LaunchScreen.xib */ = {
			isa = PBXVariantGroup;
			children = (
				AD9E67F91BD723FA002B4510 /* Base */,
			);
			name = LaunchScreen.xib;
			sourceTree = "<group>";
		};
/* End PBXVariantGroup section */

/* Begin XCBuildConfiguration section */
		AD9E68071BD723FA002B4510 /* Debug */ = {
			isa = XCBuildConfiguration;
			buildSettings = {
				ALWAYS_SEARCH_USER_PATHS = NO;
				CLANG_CXX_LANGUAGE_STANDARD = "gnu++0x";
				CLANG_CXX_LIBRARY = "libc++";
				CLANG_ENABLE_MODULES = YES;
				CLANG_ENABLE_OBJC_ARC = YES;
				CLANG_WARN_BOOL_CONVERSION = YES;
				CLANG_WARN_CONSTANT_CONVERSION = YES;
				CLANG_WARN_DIRECT_OBJC_ISA_USAGE = YES_ERROR;
				CLANG_WARN_EMPTY_BODY = YES;
				CLANG_WARN_ENUM_CONVERSION = YES;
				CLANG_WARN_INT_CONVERSION = YES;
				CLANG_WARN_OBJC_ROOT_CLASS = YES_ERROR;
				CLANG_WARN_UNREACHABLE_CODE = YES;
				CLANG_WARN__DUPLICATE_METHOD_MATCH = YES;
				"CODE_SIGN_IDENTITY[sdk=iphoneos*]" = "iPhone Developer";
				COPY_PHASE_STRIP = NO;
				DEBUG_INFORMATION_FORMAT = "dwarf-with-dsym";
				ENABLE_STRICT_OBJC_MSGSEND = YES;
				GCC_C_LANGUAGE_STANDARD = gnu99;
				GCC_DYNAMIC_NO_PIC = NO;
				GCC_NO_COMMON_BLOCKS = YES;
				GCC_OPTIMIZATION_LEVEL = 0;
				GCC_PREPROCESSOR_DEFINITIONS = (
					"DEBUG=1",
					"$(inherited)",
				);
				GCC_SYMBOLS_PRIVATE_EXTERN = NO;
				GCC_WARN_64_TO_32_BIT_CONVERSION = YES;
				GCC_WARN_ABOUT_RETURN_TYPE = YES_ERROR;
				GCC_WARN_UNDECLARED_SELECTOR = YES;
				GCC_WARN_UNINITIALIZED_AUTOS = YES_AGGRESSIVE;
				GCC_WARN_UNUSED_FUNCTION = YES;
				GCC_WARN_UNUSED_VARIABLE = YES;
				IPHONEOS_DEPLOYMENT_TARGET = 8.4;
				MTL_ENABLE_DEBUG_INFO = YES;
				ONLY_ACTIVE_ARCH = YES;
				SDKROOT = iphoneos;
			};
			name = Debug;
		};
		AD9E68081BD723FA002B4510 /* Release */ = {
			isa = XCBuildConfiguration;
			buildSettings = {
				ALWAYS_SEARCH_USER_PATHS = NO;
				CLANG_CXX_LANGUAGE_STANDARD = "gnu++0x";
				CLANG_CXX_LIBRARY = "libc++";
				CLANG_ENABLE_MODULES = YES;
				CLANG_ENABLE_OBJC_ARC = YES;
				CLANG_WARN_BOOL_CONVERSION = YES;
				CLANG_WARN_CONSTANT_CONVERSION = YES;
				CLANG_WARN_DIRECT_OBJC_ISA_USAGE = YES_ERROR;
				CLANG_WARN_EMPTY_BODY = YES;
				CLANG_WARN_ENUM_CONVERSION = YES;
				CLANG_WARN_INT_CONVERSION = YES;
				CLANG_WARN_OBJC_ROOT_CLASS = YES_ERROR;
				CLANG_WARN_UNREACHABLE_CODE = YES;
				CLANG_WARN__DUPLICATE_METHOD_MATCH = YES;
				"CODE_SIGN_IDENTITY[sdk=iphoneos*]" = "iPhone Developer";
				COPY_PHASE_STRIP = NO;
				DEBUG_INFORMATION_FORMAT = "dwarf-with-dsym";
				ENABLE_NS_ASSERTIONS = NO;
				ENABLE_STRICT_OBJC_MSGSEND = YES;
				GCC_C_LANGUAGE_STANDARD = gnu99;
				GCC_NO_COMMON_BLOCKS = YES;
				GCC_WARN_64_TO_32_BIT_CONVERSION = YES;
				GCC_WARN_ABOUT_RETURN_TYPE = YES_ERROR;
				GCC_WARN_UNDECLARED_SELECTOR = YES;
				GCC_WARN_UNINITIALIZED_AUTOS = YES_AGGRESSIVE;
				GCC_WARN_UNUSED_FUNCTION = YES;
				GCC_WARN_UNUSED_VARIABLE = YES;
				IPHONEOS_DEPLOYMENT_TARGET = 8.4;
				MTL_ENABLE_DEBUG_INFO = NO;
				SDKROOT = iphoneos;
				VALIDATE_PRODUCT = YES;
			};
			name = Release;
		};
		AD9E680A1BD723FA002B4510 /* Debug */ = {
			isa = XCBuildConfiguration;
			buildSettings = {
				ASSETCATALOG_COMPILER_APPICON_NAME = AppIcon;
				INFOPLIST_FILE = ScrollTableDemo/Info.plist;
				LD_RUNPATH_SEARCH_PATHS = "$(inherited) @executable_path/Frameworks";
				PRODUCT_NAME = "$(TARGET_NAME)";
			};
			name = Debug;
		};
		AD9E680B1BD723FA002B4510 /* Release */ = {
			isa = XCBuildConfiguration;
			buildSettings = {
				ASSETCATALOG_COMPILER_APPICON_NAME = AppIcon;
				INFOPLIST_FILE = ScrollTableDemo/Info.plist;
				LD_RUNPATH_SEARCH_PATHS = "$(inherited) @executable_path/Frameworks";
				PRODUCT_NAME = "$(TARGET_NAME)";
			};
			name = Release;
		};
		AD9E680D1BD723FA002B4510 /* Debug */ = {
			isa = XCBuildConfiguration;
			buildSettings = {
				BUNDLE_LOADER = "$(TEST_HOST)";
				FRAMEWORK_SEARCH_PATHS = (
					"$(SDKROOT)/Developer/Library/Frameworks",
					"$(inherited)",
				);
				GCC_PREPROCESSOR_DEFINITIONS = (
					"DEBUG=1",
					"$(inherited)",
				);
				INFOPLIST_FILE = ScrollTableDemoTests/Info.plist;
				LD_RUNPATH_SEARCH_PATHS = "$(inherited) @executable_path/Frameworks @loader_path/Frameworks";
				PRODUCT_NAME = "$(TARGET_NAME)";
				TEST_HOST = "$(BUILT_PRODUCTS_DIR)/ScrollTableDemo.app/ScrollTableDemo";
			};
			name = Debug;
		};
		AD9E680E1BD723FA002B4510 /* Release */ = {
			isa = XCBuildConfiguration;
			buildSettings = {
				BUNDLE_LOADER = "$(TEST_HOST)";
				FRAMEWORK_SEARCH_PATHS = (
					"$(SDKROOT)/Developer/Library/Frameworks",
					"$(inherited)",
				);
				INFOPLIST_FILE = ScrollTableDemoTests/Info.plist;
				LD_RUNPATH_SEARCH_PATHS = "$(inherited) @executable_path/Frameworks @loader_path/Frameworks";
				PRODUCT_NAME = "$(TARGET_NAME)";
				TEST_HOST = "$(BUILT_PRODUCTS_DIR)/ScrollTableDemo.app/ScrollTableDemo";
			};
			name = Release;
		};
/* End XCBuildConfiguration section */

/* Begin XCConfigurationList section */
		AD9E67E11BD723FA002B4510 /* Build configuration list for PBXProject "ScrollTableDemo" */ = {
			isa = XCConfigurationList;
			buildConfigurations = (
				AD9E68071BD723FA002B4510 /* Debug */,
				AD9E68081BD723FA002B4510 /* Release */,
			);
			defaultConfigurationIsVisible = 0;
			defaultConfigurationName = Release;
		};
		AD9E68091BD723FA002B4510 /* Build configuration list for PBXNativeTarget "ScrollTableDemo" */ = {
			isa = XCConfigurationList;
			buildConfigurations = (
				AD9E680A1BD723FA002B4510 /* Debug */,
				AD9E680B1BD723FA002B4510 /* Release */,
			);
			defaultConfigurationIsVisible = 0;
			defaultConfigurationName = Release;
		};
		AD9E680C1BD723FA002B4510 /* Build configuration list for PBXNativeTarget "ScrollTableDemoTests" */ = {
			isa = XCConfigurationList;
			buildConfigurations = (
				AD9E680D1BD723FA002B4510 /* Debug */,
				AD9E680E1BD723FA002B4510 /* Release */,
			);
			defaultConfigurationIsVisible = 0;
			defaultConfigurationName = Release;
		};
/* End XCConfigurationList section */
	};
	rootObject = AD9E67DE1BD723FA002B4510 /* Project object */;
}
